# This file is automatically @generated by Cargo.
# It is not intended for manual editing.
version = 4

[[package]]
name = "atlas-app-server"
version = "0.1.0"

[[package]]
name = "atlas-cli"
version = "0.1.0"

[[package]]
name = "atlas-context"
version = "0.1.0"

[[package]]
name = "atlas-core"
version = "0.1.0"

[[package]]
name = "atlas-documents"
version = "0.1.0"

[[package]]
name = "atlas-eval"
version = "0.1.0"

[[package]]
name = "atlas-events"
version = "0.1.0"

[[package]]
name = "atlas-extensions"
version = "0.1.0"

[[package]]
name = "atlas-memory"
version = "0.1.0"

[[package]]
name = "atlas-observe"
version = "0.1.0"

[[package]]
name = "atlas-policy"
version = "0.1.0"

[[package]]
name = "atlas-protocol"
version = "0.1.0"

[[package]]
name = "atlas-provider"
version = "0.1.0"

[[package]]
name = "atlas-sandbox"
version = "0.1.0"

[[package]]
name = "atlas-scheduler"
version = "0.1.0"

[[package]]
name = "atlas-tools"
version = "0.1.0"
